
Microsoft Visual Studio Solution File, Format Version 12.00
# Visual Studio Version 17
VisualStudioVersion = 17.1.32328.378
MinimumVisualStudioVersion = 10.0.40219.1
Project("{FAE04EC0-301F-11D3-BF4B-00C04F79EFBC}") = "Producer", "Producer\Producer.csproj", "{9B06252A-1309-478D-9610-16FB4C36AEE7}"
EndProject
Project("{FAE04EC0-301F-11D3-BF4B-00C04F79EFBC}") = "Consumer.ConsoleApp", "Consumer.Console\Consumer.ConsoleApp.csproj", "{6419194F-F515-4337-8F4D-F9FCAFF34645}"
EndProject
Global
	GlobalSection(SolutionConfigurationPlatforms) = preSolution
		Debug|Any CPU = Debug|Any CPU
		Release|Any CPU = Release|Any CPU
	EndGlobalSection
	GlobalSection(ProjectConfigurationPlatforms) = postSolution
		{9B06252A-1309-478D-9610-16FB4C36AEE7}.Debug|Any CPU.ActiveCfg = Debug|Any CPU
		{9B06252A-1309-478D-9610-16FB4C36AEE7}.Debug|Any CPU.Build.0 = Debug|Any CPU
		{9B06252A-1309-478D-9610-16FB4C36AEE7}.Release|Any CPU.ActiveCfg = Release|Any CPU
		{9B06252A-1309-478D-9610-16FB4C36AEE7}.Release|Any CPU.Build.0 = Release|Any CPU
		{6419194F-F515-4337-8F4D-F9FCAFF34645}.Debug|Any CPU.ActiveCfg = Debug|Any CPU
		{6419194F-F515-4337-8F4D-F9FCAFF34645}.Debug|Any CPU.Build.0 = Debug|Any CPU
		{6419194F-F515-4337-8F4D-F9FCAFF34645}.Release|Any CPU.ActiveCfg = Release|Any CPU
		{6419194F-F515-4337-8F4D-F9FCAFF34645}.Release|Any CPU.Build.0 = Release|Any CPU
	EndGlobalSection
	GlobalSection(SolutionProperties) = preSolution
		HideSolutionNode = FALSE
	EndGlobalSection
	GlobalSection(ExtensibilityGlobals) = postSolution
		SolutionGuid = {9DA69133-FF93-491B-BD4F-A06573D5D2CE}
	EndGlobalSection
EndGlobal
